
Microsoft Visual Studio Solution File, Format Version 12.00
# Visual Studio Version 17
VisualStudioVersion = 17.2.32505.173
MinimumVisualStudioVersion = 10.0.40219.1
Project("{FAE04EC0-301F-11D3-BF4B-00C04F79EFBC}") = "Blood Donor", "Blood Donor.csproj", "{5E7B553D-FC3B-4866-9E3A-06E3563B0894}"
EndProject
Global
	GlobalSection(SolutionConfigurationPlatforms) = preSolution
		Debug|Any CPU = Debug|Any CPU
		Release|Any CPU = Release|Any CPU
	EndGlobalSection
	GlobalSection(ProjectConfigurationPlatforms) = postSolution
		{5E7B553D-FC3B-4866-9E3A-06E3563B0894}.Debug|Any CPU.ActiveCfg = Debug|Any CPU
		{5E7B553D-FC3B-4866-9E3A-06E3563B0894}.Debug|Any CPU.Build.0 = Debug|Any CPU
		{5E7B553D-FC3B-4866-9E3A-06E3563B0894}.Debug|Any CPU.Deploy.0 = Debug|Any CPU
		{5E7B553D-FC3B-4866-9E3A-06E3563B0894}.Release|Any CPU.ActiveCfg = Release|Any CPU
		{5E7B553D-FC3B-4866-9E3A-06E3563B0894}.Release|Any CPU.Build.0 = Release|Any CPU
		{5E7B553D-FC3B-4866-9E3A-06E3563B0894}.Release|Any CPU.Deploy.0 = Release|Any CPU
	EndGlobalSection
	GlobalSection(SolutionProperties) = preSolution
		HideSolutionNode = FALSE
	EndGlobalSection
	GlobalSection(ExtensibilityGlobals) = postSolution
		SolutionGuid = {1878203A-3219-439B-8996-7D7DF3143CE1}
	EndGlobalSection
EndGlobal
